{
  "name": "fixture-basic",
  "version": "0.0.0",
  "lockfileVersion": 3,
  "requires": true,
  "packages": {
    "": {
      "name": "fixture-basic",
      "version": "0.0.0",
      "dependencies": {
        "next": "15.3.0",
        "plugin-a": "2.1.0",
        "plugin-b": "3.0.0",
        "plugin-c": "1.0.0",
        "react": "18.2.0"
      }
    },
    "node_modules/next": {
      "version": "15.3.0",
      "resolved": "http://localhost:4873/next/-/next-15.3.0.tgz",
      "integrity": "sha512-476e+db+7dPH5IENoE+QLNhhtcMox6p2xcn+XtBpIpuszegNtM5Od42qXd6xaYkxy4JUqBipTbfEnxMNrr3ztQ==",
      "peerDependencies": {
        "react": "^18 || ^19"
      }
    },
    "node_modules/plugin-a": {
      "version": "2.1.0",
      "resolved": "http://localhost:4873/plugin-a/-/plugin-a-2.1.0.tgz",
      "integrity": "sha512-GCuufFCtbAfVnC6QejM4w0Kz5Qc0UR91to0ONhF18hrwH4TOE8Oqrnv4bhZn77XmTxrBUT96r6eqIn8akVnfaw==",
      "peerDependencies": {
        "next": "^14 || ^15"
      }
    },
    "node_modules/plugin-b": {
      "version": "3.0.0",
      "resolved": "http://localhost:4873/plugin-b/-/plugin-b-3.0.0.tgz",
      "integrity": "sha512-sS2Rvcv2y/1c5K4ct7RHjo+DzlGDFikiMr4rv3JjXJbsPwil5KBCkqPV2THj/qjdI7LETNymvIoYN4Ag8HECAQ==",
      "peerDependencies": {
        "next": ">=15 <17"
      }
    },
    "node_modules/plugin-c": {
      "version": "1.0.0",
      "resolved": "http://localhost:4873/plugin-c/-/plugin-c-1.0.0.tgz",
      "integrity": "sha512-vd+6Sqz6woZPdRGLoe4q3gCP5XU6iymXzf5V4z7axdxeXKsg09Su+ISs3UvdzjKxv2Kr7dX1/U6EuwqfeGXv2g==",
      "peerDependencies": {
        "next": "^15",
        "react": "^18"
      },
      "peerDependenciesMeta": {
        "react": {
          "optional": true
        }
      }
    },
    "node_modules/react": {
      "version": "18.2.0",
      "resolved": "http://localhost:4873/react/-/react-18.2.0.tgz",
      "integrity": "sha512-hZm6gKyLiowHsu8p0TTv0mGFSwqRDqkRVRQF1OqprmTNKWxyJp6Lq0qQobkJ9TYxo46hhUJFFQm/2CCaeVG3PA=="
    }
  }
}
