{
  "name": "fixture-overrides",
  "version": "0.0.0",
  "lockfileVersion": 3,
  "requires": true,
  "packages": {
    "": {
      "name": "fixture-overrides",
      "version": "0.0.0",
      "dependencies": {
        "next": "15.3.0",
        "plugin-a": "2.1.0",
        "react": "18.2.0"
      }
    },
    "node_modules/next": {
      "version": "15.3.0",
      "resolved": "http://localhost:4873/next/-/next-15.3.0.tgz",
      "integrity": "sha512-476e+db+7dPH5IENoE+QLNhhtcMox6p2xcn+XtBpIpuszegNtM5Od42qXd6xaYkxy4JUqBipTbfEnxMNrr3ztQ==",
      "peerDependencies": {
        "react": "^18 || ^19"
      }
    },
    "node_modules/plugin-a": {
      "version": "2.1.0",
      "resolved": "http://localhost:4873/plugin-a/-/plugin-a-2.1.0.tgz",
      "integrity": "sha512-GCuufFCtbAfVnC6QejM4w0Kz5Qc0UR91to0ONhF18hrwH4TOE8Oqrnv4bhZn77XmTxrBUT96r6eqIn8akVnfaw==",
      "peerDependencies": {
        "next": "^14 || ^15"
      }
    },
    "node_modules/react": {
      "version": "18.2.0",
      "resolved": "http://localhost:4873/react/-/react-18.2.0.tgz",
      "integrity": "sha512-hZm6gKyLiowHsu8p0TTv0mGFSwqRDqkRVRQF1OqprmTNKWxyJp6Lq0qQobkJ9TYxo46hhUJFFQm/2CCaeVG3PA=="
    }
  }
}
