{
  "name": "fixture-unsupported-file",
  "version": "0.0.0",
  "lockfileVersion": 3,
  "requires": true,
  "packages": {
    "": {
      "name": "fixture-unsupported-file",
      "version": "0.0.0",
      "dependencies": {
        "local-tgz": "file:./local-tgz-1.0.0.tgz",
        "next": "15.3.0",
        "react": "18.2.0"
      }
    },
    "node_modules/local-tgz": {
      "version": "1.0.0",
      "resolved": "file:local-tgz-1.0.0.tgz",
      "integrity": "sha512-2XSgMoGS5zp1xfImmAFsb+3VdslP8gTkinRV7MEASa1iQkVfDId5yIQQapXpUhglZd72J17yi2051QrYIVEWOA==",
      "peerDependencies": {
        "next": "^15"
      }
    },
    "node_modules/next": {
      "version": "15.3.0",
      "resolved": "http://localhost:4873/next/-/next-15.3.0.tgz",
      "integrity": "sha512-476e+db+7dPH5IENoE+QLNhhtcMox6p2xcn+XtBpIpuszegNtM5Od42qXd6xaYkxy4JUqBipTbfEnxMNrr3ztQ==",
      "peerDependencies": {
        "react": "^18 || ^19"
      }
    },
    "node_modules/react": {
      "version": "18.2.0",
      "resolved": "http://localhost:4873/react/-/react-18.2.0.tgz",
      "integrity": "sha512-hZm6gKyLiowHsu8p0TTv0mGFSwqRDqkRVRQF1OqprmTNKWxyJp6Lq0qQobkJ9TYxo46hhUJFFQm/2CCaeVG3PA=="
    }
  }
}
