{
  "name": "fixture-unsupported-bundled",
  "version": "0.0.0",
  "lockfileVersion": 3,
  "requires": true,
  "packages": {
    "": {
      "name": "fixture-unsupported-bundled",
      "version": "0.0.0",
      "dependencies": {
        "bundle-host": "1.0.0",
        "next": "15.3.0",
        "react": "18.2.0"
      }
    },
    "node_modules/bundle-host": {
      "version": "1.0.0",
      "resolved": "http://localhost:4873/bundle-host/-/bundle-host-1.0.0.tgz",
      "integrity": "sha512-qHiQ8I6qsMWAI9IWUk+szKd8GmDnvu7EweYXNzRmOyp1I3eY2cBt8lrXs1rW7qsyFbam/Rx1Yi2eEbWUsSUU8A==",
      "bundleDependencies": [
        "bundled-dep"
      ],
      "dependencies": {
        "bundled-dep": "1.0.0"
      }
    },
    "node_modules/next": {
      "version": "15.3.0",
      "resolved": "http://localhost:4873/next/-/next-15.3.0.tgz",
      "integrity": "sha512-476e+db+7dPH5IENoE+QLNhhtcMox6p2xcn+XtBpIpuszegNtM5Od42qXd6xaYkxy4JUqBipTbfEnxMNrr3ztQ==",
      "peerDependencies": {
        "react": "^18 || ^19"
      }
    },
    "node_modules/react": {
      "version": "18.2.0",
      "resolved": "http://localhost:4873/react/-/react-18.2.0.tgz",
      "integrity": "sha512-hZm6gKyLiowHsu8p0TTv0mGFSwqRDqkRVRQF1OqprmTNKWxyJp6Lq0qQobkJ9TYxo46hhUJFFQm/2CCaeVG3PA=="
    }
  }
}
